
Microsoft Visual Studio Solution File, Format Version 12.00
# Visual Studio Version 17
VisualStudioVersion = 17.14.36518.9
MinimumVisualStudioVersion = 10.0.40219.1
Project("{FAE04EC0-301F-11D3-BF4B-00C04F79EFBC}") = "sayı_tahmin_oyunu", "sayı_tahmin_oyunu\sayı_tahmin_oyunu.csproj", "{387FB59C-437E-4B54-AC9B-EC6134487ADD}"
EndProject
Global
	GlobalSection(SolutionConfigurationPlatforms) = preSolution
		Debug|Any CPU = Debug|Any CPU
		Release|Any CPU = Release|Any CPU
	EndGlobalSection
	GlobalSection(ProjectConfigurationPlatforms) = postSolution
		{387FB59C-437E-4B54-AC9B-EC6134487ADD}.Debug|Any CPU.ActiveCfg = Debug|Any CPU
		{387FB59C-437E-4B54-AC9B-EC6134487ADD}.Debug|Any CPU.Build.0 = Debug|Any CPU
		{387FB59C-437E-4B54-AC9B-EC6134487ADD}.Release|Any CPU.ActiveCfg = Release|Any CPU
		{387FB59C-437E-4B54-AC9B-EC6134487ADD}.Release|Any CPU.Build.0 = Release|Any CPU
	EndGlobalSection
	GlobalSection(SolutionProperties) = preSolution
		HideSolutionNode = FALSE
	EndGlobalSection
	GlobalSection(ExtensibilityGlobals) = postSolution
		SolutionGuid = {B35C8BD8-0FB7-45F0-A147-3A270B0B3D20}
	EndGlobalSection
EndGlobal
