
Microsoft Visual Studio Solution File, Format Version 12.00
# Visual Studio Version 17
VisualStudioVersion = 17.14.36518.9 d17.14
MinimumVisualStudioVersion = 10.0.40219.1
Project("{FAE04EC0-301F-11D3-BF4B-00C04F79EFBC}") = "karekter_kontrol_etme", "karekter_kontrol_etme\karekter_kontrol_etme.csproj", "{3ACF5133-BC86-45E0-BB56-5FA93D1AC95D}"
EndProject
Global
	GlobalSection(SolutionConfigurationPlatforms) = preSolution
		Debug|Any CPU = Debug|Any CPU
		Release|Any CPU = Release|Any CPU
	EndGlobalSection
	GlobalSection(ProjectConfigurationPlatforms) = postSolution
		{3ACF5133-BC86-45E0-BB56-5FA93D1AC95D}.Debug|Any CPU.ActiveCfg = Debug|Any CPU
		{3ACF5133-BC86-45E0-BB56-5FA93D1AC95D}.Debug|Any CPU.Build.0 = Debug|Any CPU
		{3ACF5133-BC86-45E0-BB56-5FA93D1AC95D}.Release|Any CPU.ActiveCfg = Release|Any CPU
		{3ACF5133-BC86-45E0-BB56-5FA93D1AC95D}.Release|Any CPU.Build.0 = Release|Any CPU
	EndGlobalSection
	GlobalSection(SolutionProperties) = preSolution
		HideSolutionNode = FALSE
	EndGlobalSection
	GlobalSection(ExtensibilityGlobals) = postSolution
		SolutionGuid = {594CCB9D-85D8-4D86-A015-2A49235F6B6C}
	EndGlobalSection
EndGlobal
