
Microsoft Visual Studio Solution File, Format Version 12.00
# Visual Studio Version 17
VisualStudioVersion = 17.14.36518.9 d17.14
MinimumVisualStudioVersion = 10.0.40219.1
Project("{FAE04EC0-301F-11D3-BF4B-00C04F79EFBC}") = "elma-yakalama-oyunu", "elma-yakalama-oyunu\elma-yakalama-oyunu.csproj", "{69BC4A3D-2A80-48A3-968F-6CD7CE469526}"
EndProject
Global
	GlobalSection(SolutionConfigurationPlatforms) = preSolution
		Debug|Any CPU = Debug|Any CPU
		Release|Any CPU = Release|Any CPU
	EndGlobalSection
	GlobalSection(ProjectConfigurationPlatforms) = postSolution
		{69BC4A3D-2A80-48A3-968F-6CD7CE469526}.Debug|Any CPU.ActiveCfg = Debug|Any CPU
		{69BC4A3D-2A80-48A3-968F-6CD7CE469526}.Debug|Any CPU.Build.0 = Debug|Any CPU
		{69BC4A3D-2A80-48A3-968F-6CD7CE469526}.Release|Any CPU.ActiveCfg = Release|Any CPU
		{69BC4A3D-2A80-48A3-968F-6CD7CE469526}.Release|Any CPU.Build.0 = Release|Any CPU
	EndGlobalSection
	GlobalSection(SolutionProperties) = preSolution
		HideSolutionNode = FALSE
	EndGlobalSection
	GlobalSection(ExtensibilityGlobals) = postSolution
		SolutionGuid = {829F9A64-3E1A-4E90-A972-C71477CA0DA9}
	EndGlobalSection
EndGlobal
