
Microsoft Visual Studio Solution File, Format Version 12.00
# Visual Studio Version 17
VisualStudioVersion = 17.14.36518.9 d17.14
MinimumVisualStudioVersion = 10.0.40219.1
Project("{FAE04EC0-301F-11D3-BF4B-00C04F79EFBC}") = "taş_kağıt_makas_oyunu", "taş_kağıt_makas_oyunu\taş_kağıt_makas_oyunu.csproj", "{2124B3BD-A99C-49BA-8F42-C2B4BC99A9C5}"
EndProject
Global
	GlobalSection(SolutionConfigurationPlatforms) = preSolution
		Debug|Any CPU = Debug|Any CPU
		Release|Any CPU = Release|Any CPU
	EndGlobalSection
	GlobalSection(ProjectConfigurationPlatforms) = postSolution
		{2124B3BD-A99C-49BA-8F42-C2B4BC99A9C5}.Debug|Any CPU.ActiveCfg = Debug|Any CPU
		{2124B3BD-A99C-49BA-8F42-C2B4BC99A9C5}.Debug|Any CPU.Build.0 = Debug|Any CPU
		{2124B3BD-A99C-49BA-8F42-C2B4BC99A9C5}.Release|Any CPU.ActiveCfg = Release|Any CPU
		{2124B3BD-A99C-49BA-8F42-C2B4BC99A9C5}.Release|Any CPU.Build.0 = Release|Any CPU
	EndGlobalSection
	GlobalSection(SolutionProperties) = preSolution
		HideSolutionNode = FALSE
	EndGlobalSection
	GlobalSection(ExtensibilityGlobals) = postSolution
		SolutionGuid = {0701D7E2-487F-47A2-B7A4-B38FAE1CB411}
	EndGlobalSection
EndGlobal
